// !$*UTF8*$!
{
	archiveVersion = 1;
	classes = {
	};
	objectVersion = 46;
	objects = {

/* Begin PBXBuildFile section */
		3320042F1B6B1BC800D0568B /* main.m in Sources */ = {isa = PBXBuildFile; fileRef = 3320042E1B6B1BC800D0568B /* main.m */; };
		332004321B6B1BC800D0568B /* AppDelegate.m in Sources */ = {isa = PBXBuildFile; fileRef = 332004311B6B1BC800D0568B /* AppDelegate.m */; };
		332004351B6B1BC800D0568B /* TuanGouController.m in Sources */ = {isa = PBXBuildFile; fileRef = 332004341B6B1BC800D0568B /* TuanGouController.m */; };
		332004381B6B1BC800D0568B /* QinQinViewController.m in Sources */ = {isa = PBXBuildFile; fileRef = 332004371B6B1BC800D0568B /* QinQinViewController.m */; };
		3320043B1B6B1BC800D0568B /* Main.storyboard in Resources */ = {isa = PBXBuildFile; fileRef = 332004391B6B1BC800D0568B /* Main.storyboard */; };
		3320043D1B6B1BC800D0568B /* Images.xcassets in Resources */ = {isa = PBXBuildFile; fileRef = 3320043C1B6B1BC800D0568B /* Images.xcassets */; };
		332004401B6B1BC800D0568B /* LaunchScreen.xib in Resources */ = {isa = PBXBuildFile; fileRef = 3320043E1B6B1BC800D0568B /* LaunchScreen.xib */; };
		3320044C1B6B1BC800D0568B /* QinTuanTests.m in Sources */ = {isa = PBXBuildFile; fileRef = 3320044B1B6B1BC800D0568B /* QinTuanTests.m */; };
/* End PBXBuildFile section */

/* Begin PBXContainerItemProxy section */
		332004461B6B1BC800D0568B /* PBXContainerItemProxy */ = {
			isa = PBXContainerItemProxy;
			containerPortal = 332004211B6B1BC800D0568B /* Project object */;
			proxyType = 1;
			remoteGlobalIDString = 332004281B6B1BC800D0568B;
			remoteInfo = QinTuan;
		};
/* End PBXContainerItemProxy section */

/* Begin PBXFileReference section */
		332004291B6B1BC800D0568B /* QinTuan.app */ = {isa = PBXFileReference; explicitFileType = wrapper.application; includeInIndex = 0; path = QinTuan.app; sourceTree = BUILT_PRODUCTS_DIR; };
		3320042D1B6B1BC800D0568B /* Info.plist */ = {isa = PBXFileReference; lastKnownFileType = text.plist.xml; path = Info.plist; sourceTree = "<group>"; };
		3320042E1B6B1BC800D0568B /* main.m */ = {isa = PBXFileReference; lastKnownFileType = sourcecode.c.objc; path = main.m; sourceTree = "<group>"; };
		332004301B6B1BC800D0568B /* AppDelegate.h */ = {isa = PBXFileReference; lastKnownFileType = sourcecode.c.h; path = AppDelegate.h; sourceTree = "<group>"; };
		332004311B6B1BC800D0568B /* AppDelegate.m */ = {isa = PBXFileReference; lastKnownFileType = sourcecode.c.objc; path = AppDelegate.m; sourceTree = "<group>"; };
		332004331B6B1BC800D0568B /* TuanGouController.h */ = {isa = PBXFileReference; lastKnownFileType = sourcecode.c.h; path = TuanGouController.h; sourceTree = "<group>"; };
		332004341B6B1BC800D0568B /* TuanGouController.m */ = {isa = PBXFileReference; lastKnownFileType = sourcecode.c.objc; path = TuanGouController.m; sourceTree = "<group>"; };
		332004361B6B1BC800D0568B /* QinQinViewController.h */ = {isa = PBXFileReference; lastKnownFileType = sourcecode.c.h; path = QinQinViewController.h; sourceTree = "<group>"; };
		332004371B6B1BC800D0568B /* QinQinViewController.m */ = {isa = PBXFileReference; lastKnownFileType = sourcecode.c.objc; path = QinQinViewController.m; sourceTree = "<group>"; };
		3320043A1B6B1BC800D0568B /* Base */ = {isa = PBXFileReference; lastKnownFileType = file.storyboard; name = Base; path = Base.lproj/Main.storyboard; sourceTree = "<group>"; };
		3320043C1B6B1BC800D0568B /* Images.xcassets */ = {isa = PBXFileReference; lastKnownFileType = folder.assetcatalog; path = Images.xcassets; sourceTree = "<group>"; };
		3320043F1B6B1BC800D0568B /* Base */ = {isa = PBXFileReference; lastKnownFileType = file.xib; name = Base; path = Base.lproj/LaunchScreen.xib; sourceTree = "<group>"; };
		332004451B6B1BC800D0568B /* QinTuanTests.xctest */ = {isa = PBXFileReference; explicitFileType = wrapper.cfbundle; includeInIndex = 0; path = QinTuanTests.xctest; sourceTree = BUILT_PRODUCTS_DIR; };
		3320044A1B6B1BC800D0568B /* Info.plist */ = {isa = PBXFileReference; lastKnownFileType = text.plist.xml; path = Info.plist; sourceTree = "<group>"; };
		3320044B1B6B1BC800D0568B /* QinTuanTests.m */ = {isa = PBXFileReference; lastKnownFileType = sourcecode.c.objc; path = QinTuanTests.m; sourceTree = "<group>"; };
/* End PBXFileReference section */

/* Begin PBXFrameworksBuildPhase section */
		332004261B6B1BC800D0568B /* Frameworks */ = {
			isa = PBXFrameworksBuildPhase;
			buildActionMask = 2147483647;
			files = (
			);
			runOnlyForDeploymentPostprocessing = 0;
		};
		332004421B6B1BC800D0568B /* Frameworks */ = {
			isa = PBXFrameworksBuildPhase;
			buildActionMask = 2147483647;
			files = (
			);
			runOnlyForDeploymentPostprocessing = 0;
		};
/* End PBXFrameworksBuildPhase section */

/* Begin PBXGroup section */
		332004201B6B1BC800D0568B = {
			isa = PBXGroup;
			children = (
				3320042B1B6B1BC800D0568B /* QinTuan */,
				332004481B6B1BC800D0568B /* QinTuanTests */,
				3320042A1B6B1BC800D0568B /* Products */,
			);
			sourceTree = "<group>";
		};
		3320042A1B6B1BC800D0568B /* Products */ = {
			isa = PBXGroup;
			children = (
				332004291B6B1BC800D0568B /* QinTuan.app */,
				332004451B6B1BC800D0568B /* QinTuanTests.xctest */,
			);
			name = Products;
			sourceTree = "<group>";
		};
		3320042B1B6B1BC800D0568B /* QinTuan */ = {
			isa = PBXGroup;
			children = (
				332004301B6B1BC800D0568B /* AppDelegate.h */,
				332004311B6B1BC800D0568B /* AppDelegate.m */,
				332004331B6B1BC800D0568B /* TuanGouController.h */,
				332004341B6B1BC800D0568B /* TuanGouController.m */,
				332004361B6B1BC800D0568B /* QinQinViewController.h */,
				332004371B6B1BC800D0568B /* QinQinViewController.m */,
				332004391B6B1BC800D0568B /* Main.storyboard */,
				3320043C1B6B1BC800D0568B /* Images.xcassets */,
				3320043E1B6B1BC800D0568B /* LaunchScreen.xib */,
				3320042C1B6B1BC800D0568B /* Supporting Files */,
			);
			path = QinTuan;
			sourceTree = "<group>";
		};
		3320042C1B6B1BC800D0568B /* Supporting Files */ = {
			isa = PBXGroup;
			children = (
				3320042D1B6B1BC800D0568B /* Info.plist */,
				3320042E1B6B1BC800D0568B /* main.m */,
			);
			name = "Supporting Files";
			sourceTree = "<group>";
		};
		332004481B6B1BC800D0568B /* QinTuanTests */ = {
			isa = PBXGroup;
			children = (
				3320044B1B6B1BC800D0568B /* QinTuanTests.m */,
				332004491B6B1BC800D0568B /* Supporting Files */,
			);
			path = QinTuanTests;
			sourceTree = "<group>";
		};
		332004491B6B1BC800D0568B /* Supporting Files */ = {
			isa = PBXGroup;
			children = (
				3320044A1B6B1BC800D0568B /* Info.plist */,
			);
			name = "Supporting Files";
			sourceTree = "<group>";
		};
/* End PBXGroup section */

/* Begin PBXNativeTarget section */
		332004281B6B1BC800D0568B /* QinTuan */ = {
			isa = PBXNativeTarget;
			buildConfigurationList = 3320044F1B6B1BC800D0568B /* Build configuration list for PBXNativeTarget "QinTuan" */;
			buildPhases = (
				332004251B6B1BC800D0568B /* Sources */,
				332004261B6B1BC800D0568B /* Frameworks */,
				332004271B6B1BC800D0568B /* Resources */,
			);
			buildRules = (
			);
			dependencies = (
			);
			name = QinTuan;
			productName = QinTuan;
			productReference = 332004291B6B1BC800D0568B /* QinTuan.app */;
			productType = "com.apple.product-type.application";
		};
		332004441B6B1BC800D0568B /* QinTuanTests */ = {
			isa = PBXNativeTarget;
			buildConfigurationList = 332004521B6B1BC800D0568B /* Build configuration list for PBXNativeTarget "QinTuanTests" */;
			buildPhases = (
				332004411B6B1BC800D0568B /* Sources */,
				332004421B6B1BC800D0568B /* Frameworks */,
				332004431B6B1BC800D0568B /* Resources */,
			);
			buildRules = (
			);
			dependencies = (
				332004471B6B1BC800D0568B /* PBXTargetDependency */,
			);
			name = QinTuanTests;
			productName = QinTuanTests;
			productReference = 332004451B6B1BC800D0568B /* QinTuanTests.xctest */;
			productType = "com.apple.product-type.bundle.unit-test";
		};
/* End PBXNativeTarget section */

/* Begin PBXProject section */
		332004211B6B1BC800D0568B /* Project object */ = {
			isa = PBXProject;
			attributes = {
				LastUpgradeCheck = 0640;
				ORGANIZATIONNAME = "朋友墙";
				TargetAttributes = {
					332004281B6B1BC800D0568B = {
						CreatedOnToolsVersion = 6.4;
					};
					332004441B6B1BC800D0568B = {
						CreatedOnToolsVersion = 6.4;
						TestTargetID = 332004281B6B1BC800D0568B;
					};
				};
			};
			buildConfigurationList = 332004241B6B1BC800D0568B /* Build configuration list for PBXProject "QinTuan" */;
			compatibilityVersion = "Xcode 3.2";
			developmentRegion = English;
			hasScannedForEncodings = 0;
			knownRegions = (
				en,
				Base,
			);
			mainGroup = 332004201B6B1BC800D0568B;
			productRefGroup = 3320042A1B6B1BC800D0568B /* Products */;
			projectDirPath = "";
			projectRoot = "";
			targets = (
				332004281B6B1BC800D0568B /* QinTuan */,
				332004441B6B1BC800D0568B /* QinTuanTests */,
			);
		};
/* End PBXProject section */

/* Begin PBXResourcesBuildPhase section */
		332004271B6B1BC800D0568B /* Resources */ = {
			isa = PBXResourcesBuildPhase;
			buildActionMask = 2147483647;
			files = (
				3320043B1B6B1BC800D0568B /* Main.storyboard in Resources */,
				332004401B6B1BC800D0568B /* LaunchScreen.xib in Resources */,
				3320043D1B6B1BC800D0568B /* Images.xcassets in Resources */,
			);
			runOnlyForDeploymentPostprocessing = 0;
		};
		332004431B6B1BC800D0568B /* Resources */ = {
			isa = PBXResourcesBuildPhase;
			buildActionMask = 2147483647;
			files = (
			);
			runOnlyForDeploymentPostprocessing = 0;
		};
/* End PBXResourcesBuildPhase section */

/* Begin PBXSourcesBuildPhase section */
		332004251B6B1BC800D0568B /* Sources */ = {
			isa = PBXSourcesBuildPhase;
			buildActionMask = 2147483647;
			files = (
				332004381B6B1BC800D0568B /* QinQinViewController.m in Sources */,
				332004321B6B1BC800D0568B /* AppDelegate.m in Sources */,
				332004351B6B1BC800D0568B /* TuanGouController.m in Sources */,
				3320042F1B6B1BC800D0568B /* main.m in Sources */,
			);
			runOnlyForDeploymentPostprocessing = 0;
		};
		332004411B6B1BC800D0568B /* Sources */ = {
			isa = PBXSourcesBuildPhase;
			buildActionMask = 2147483647;
			files = (
				3320044C1B6B1BC800D0568B /* QinTuanTests.m in Sources */,
			);
			runOnlyForDeploymentPostprocessing = 0;
		};
/* End PBXSourcesBuildPhase section */

/* Begin PBXTargetDependency section */
		332004471B6B1BC800D0568B /* PBXTargetDependency */ = {
			isa = PBXTargetDependency;
			target = 332004281B6B1BC800D0568B /* QinTuan */;
			targetProxy = 332004461B6B1BC800D0568B /* PBXContainerItemProxy */;
		};
/* End PBXTargetDependency section */

/* Begin PBXVariantGroup section */
		332004391B6B1BC800D0568B /* Main.storyboard */ = {
			isa = PBXVariantGroup;
			children = (
				3320043A1B6B1BC800D0568B /* Base */,
			);
			name = Main.storyboard;
			sourceTree = "<group>";
		};
		3320043E1B6B1BC800D0568B /* LaunchScreen.xib */ = {
			isa = PBXVariantGroup;
			children = (
				3320043F1B6B1BC800D0568B /* Base */,
			);
			name = LaunchScreen.xib;
			sourceTree = "<group>";
		};
/* End PBXVariantGroup section */

/* Begin XCBuildConfiguration section */
		3320044D1B6B1BC800D0568B /* Debug */ = {
			isa = XCBuildConfiguration;
			buildSettings = {
				ALWAYS_SEARCH_USER_PATHS = NO;
				CLANG_CXX_LANGUAGE_STANDARD = "gnu++0x";
				CLANG_CXX_LIBRARY = "libc++";
				CLANG_ENABLE_MODULES = YES;
				CLANG_ENABLE_OBJC_ARC = YES;
				CLANG_WARN_BOOL_CONVERSION = YES;
				CLANG_WARN_CONSTANT_CONVERSION = YES;
				CLANG_WARN_DIRECT_OBJC_ISA_USAGE = YES_ERROR;
				CLANG_WARN_EMPTY_BODY = YES;
				CLANG_WARN_ENUM_CONVERSION = YES;
				CLANG_WARN_INT_CONVERSION = YES;
				CLANG_WARN_OBJC_ROOT_CLASS = YES_ERROR;
				CLANG_WARN_UNREACHABLE_CODE = YES;
				CLANG_WARN__DUPLICATE_METHOD_MATCH = YES;
				"CODE_SIGN_IDENTITY[sdk=iphoneos*]" = "iPhone Developer";
				COPY_PHASE_STRIP = NO;
				DEBUG_INFORMATION_FORMAT = "dwarf-with-dsym";
				ENABLE_STRICT_OBJC_MSGSEND = YES;
				GCC_C_LANGUAGE_STANDARD = gnu99;
				GCC_DYNAMIC_NO_PIC = NO;
				GCC_NO_COMMON_BLOCKS = YES;
				GCC_OPTIMIZATION_LEVEL = 0;
				GCC_PREPROCESSOR_DEFINITIONS = (
					"DEBUG=1",
					"$(inherited)",
				);
				GCC_SYMBOLS_PRIVATE_EXTERN = NO;
				GCC_WARN_64_TO_32_BIT_CONVERSION = YES;
				GCC_WARN_ABOUT_RETURN_TYPE = YES_ERROR;
				GCC_WARN_UNDECLARED_SELECTOR = YES;
				GCC_WARN_UNINITIALIZED_AUTOS = YES_AGGRESSIVE;
				GCC_WARN_UNUSED_FUNCTION = YES;
				GCC_WARN_UNUSED_VARIABLE = YES;
				IPHONEOS_DEPLOYMENT_TARGET = 8.4;
				MTL_ENABLE_DEBUG_INFO = YES;
				ONLY_ACTIVE_ARCH = YES;
				SDKROOT = iphoneos;
				TARGETED_DEVICE_FAMILY = "1,2";
			};
			name = Debug;
		};
		3320044E1B6B1BC800D0568B /* Release */ = {
			isa = XCBuildConfiguration;
			buildSettings = {
				ALWAYS_SEARCH_USER_PATHS = NO;
				CLANG_CXX_LANGUAGE_STANDARD = "gnu++0x";
				CLANG_CXX_LIBRARY = "libc++";
				CLANG_ENABLE_MODULES = YES;
				CLANG_ENABLE_OBJC_ARC = YES;
				CLANG_WARN_BOOL_CONVERSION = YES;
				CLANG_WARN_CONSTANT_CONVERSION = YES;
				CLANG_WARN_DIRECT_OBJC_ISA_USAGE = YES_ERROR;
				CLANG_WARN_EMPTY_BODY = YES;
				CLANG_WARN_ENUM_CONVERSION = YES;
				CLANG_WARN_INT_CONVERSION = YES;
				CLANG_WARN_OBJC_ROOT_CLASS = YES_ERROR;
				CLANG_WARN_UNREACHABLE_CODE = YES;
				CLANG_WARN__DUPLICATE_METHOD_MATCH = YES;
				"CODE_SIGN_IDENTITY[sdk=iphoneos*]" = "iPhone Developer";
				COPY_PHASE_STRIP = NO;
				DEBUG_INFORMATION_FORMAT = "dwarf-with-dsym";
				ENABLE_NS_ASSERTIONS = NO;
				ENABLE_STRICT_OBJC_MSGSEND = YES;
				GCC_C_LANGUAGE_STANDARD = gnu99;
				GCC_NO_COMMON_BLOCKS = YES;
				GCC_WARN_64_TO_32_BIT_CONVERSION = YES;
				GCC_WARN_ABOUT_RETURN_TYPE = YES_ERROR;
				GCC_WARN_UNDECLARED_SELECTOR = YES;
				GCC_WARN_UNINITIALIZED_AUTOS = YES_AGGRESSIVE;
				GCC_WARN_UNUSED_FUNCTION = YES;
				GCC_WARN_UNUSED_VARIABLE = YES;
				IPHONEOS_DEPLOYMENT_TARGET = 8.4;
				MTL_ENABLE_DEBUG_INFO = NO;
				SDKROOT = iphoneos;
				TARGETED_DEVICE_FAMILY = "1,2";
				VALIDATE_PRODUCT = YES;
			};
			name = Release;
		};
		332004501B6B1BC800D0568B /* Debug */ = {
			isa = XCBuildConfiguration;
			buildSettings = {
				ASSETCATALOG_COMPILER_APPICON_NAME = AppIcon;
				INFOPLIST_FILE = QinTuan/Info.plist;
				LD_RUNPATH_SEARCH_PATHS = "$(inherited) @executable_path/Frameworks";
				PRODUCT_NAME = "$(TARGET_NAME)";
			};
			name = Debug;
		};
		332004511B6B1BC800D0568B /* Release */ = {
			isa = XCBuildConfiguration;
			buildSettings = {
				ASSETCATALOG_COMPILER_APPICON_NAME = AppIcon;
				INFOPLIST_FILE = QinTuan/Info.plist;
				LD_RUNPATH_SEARCH_PATHS = "$(inherited) @executable_path/Frameworks";
				PRODUCT_NAME = "$(TARGET_NAME)";
			};
			name = Release;
		};
		332004531B6B1BC800D0568B /* Debug */ = {
			isa = XCBuildConfiguration;
			buildSettings = {
				BUNDLE_LOADER = "$(TEST_HOST)";
				FRAMEWORK_SEARCH_PATHS = (
					"$(SDKROOT)/Developer/Library/Frameworks",
					"$(inherited)",
				);
				GCC_PREPROCESSOR_DEFINITIONS = (
					"DEBUG=1",
					"$(inherited)",
				);
				INFOPLIST_FILE = QinTuanTests/Info.plist;
				LD_RUNPATH_SEARCH_PATHS = "$(inherited) @executable_path/Frameworks @loader_path/Frameworks";
				PRODUCT_NAME = "$(TARGET_NAME)";
				TEST_HOST = "$(BUILT_PRODUCTS_DIR)/QinTuan.app/QinTuan";
			};
			name = Debug;
		};
		332004541B6B1BC800D0568B /* Release */ = {
			isa = XCBuildConfiguration;
			buildSettings = {
				BUNDLE_LOADER = "$(TEST_HOST)";
				FRAMEWORK_SEARCH_PATHS = (
					"$(SDKROOT)/Developer/Library/Frameworks",
					"$(inherited)",
				);
				INFOPLIST_FILE = QinTuanTests/Info.plist;
				LD_RUNPATH_SEARCH_PATHS = "$(inherited) @executable_path/Frameworks @loader_path/Frameworks";
				PRODUCT_NAME = "$(TARGET_NAME)";
				TEST_HOST = "$(BUILT_PRODUCTS_DIR)/QinTuan.app/QinTuan";
			};
			name = Release;
		};
/* End XCBuildConfiguration section */

/* Begin XCConfigurationList section */
		332004241B6B1BC800D0568B /* Build configuration list for PBXProject "QinTuan" */ = {
			isa = XCConfigurationList;
			buildConfigurations = (
				3320044D1B6B1BC800D0568B /* Debug */,
				3320044E1B6B1BC800D0568B /* Release */,
			);
			defaultConfigurationIsVisible = 0;
			defaultConfigurationName = Release;
		};
		3320044F1B6B1BC800D0568B /* Build configuration list for PBXNativeTarget "QinTuan" */ = {
			isa = XCConfigurationList;
			buildConfigurations = (
				332004501B6B1BC800D0568B /* Debug */,
				332004511B6B1BC800D0568B /* Release */,
			);
			defaultConfigurationIsVisible = 0;
		};
		332004521B6B1BC800D0568B /* Build configuration list for PBXNativeTarget "QinTuanTests" */ = {
			isa = XCConfigurationList;
			buildConfigurations = (
				332004531B6B1BC800D0568B /* Debug */,
				332004541B6B1BC800D0568B /* Release */,
			);
			defaultConfigurationIsVisible = 0;
		};
/* End XCConfigurationList section */
	};
	rootObject = 332004211B6B1BC800D0568B /* Project object */;
}
